
Microsoft Visual Studio Solution File, Format Version 12.00
# Visual Studio Version 17
VisualStudioVersion = 17.3.32922.545
MinimumVisualStudioVersion = 10.0.40219.1
Project("{FAE04EC0-301F-11D3-BF4B-00C04F79EFBC}") = "Stack_Queues_Solutions", "Stack_Queues_Solutions\Stack_Queues_Solutions.csproj", "{BCC09155-CF2B-4321-B53D-F95A79119684}"
EndProject
Global
	GlobalSection(SolutionConfigurationPlatforms) = preSolution
		Debug|Any CPU = Debug|Any CPU
		Release|Any CPU = Release|Any CPU
	EndGlobalSection
	GlobalSection(ProjectConfigurationPlatforms) = postSolution
		{BCC09155-CF2B-4321-B53D-F95A79119684}.Debug|Any CPU.ActiveCfg = Debug|Any CPU
		{BCC09155-CF2B-4321-B53D-F95A79119684}.Debug|Any CPU.Build.0 = Debug|Any CPU
		{BCC09155-CF2B-4321-B53D-F95A79119684}.Release|Any CPU.ActiveCfg = Release|Any CPU
		{BCC09155-CF2B-4321-B53D-F95A79119684}.Release|Any CPU.Build.0 = Release|Any CPU
	EndGlobalSection
	GlobalSection(SolutionProperties) = preSolution
		HideSolutionNode = FALSE
	EndGlobalSection
	GlobalSection(ExtensibilityGlobals) = postSolution
		SolutionGuid = {85C05CE5-89C9-4618-8B0B-4DA0283C9B2D}
	EndGlobalSection
EndGlobal
